
Microsoft Visual Studio Solution File, Format Version 12.00
# Visual Studio 15
VisualStudioVersion = 15.0.26430.16
MinimumVisualStudioVersion = 10.0.40219.1
Project("{FAE04EC0-301F-11D3-BF4B-00C04F79EFBC}") = "Car Rentals", "Car Rentals\Car Rentals.csproj", "{631A5F46-F158-478F-908D-6ADFA88B02CE}"
EndProject
Project("{FAE04EC0-301F-11D3-BF4B-00C04F79EFBC}") = "Service Client", "Service Client\Service Client.csproj", "{A4D48C36-3952-4E50-9011-A26C1D38A568}"
EndProject
Project("{FAE04EC0-301F-11D3-BF4B-00C04F79EFBC}") = "Car Rentals App", "Car Rentals App\Car Rentals App.csproj", "{6B247862-B291-4090-AC2C-7F4EBA2AFB03}"
EndProject
Global
	GlobalSection(SolutionConfigurationPlatforms) = preSolution
		Debug|Any CPU = Debug|Any CPU
		Debug|ARM = Debug|ARM
		Debug|iPhone = Debug|iPhone
		Debug|iPhoneSimulator = Debug|iPhoneSimulator
		Debug|x64 = Debug|x64
		Debug|x86 = Debug|x86
		Release|Any CPU = Release|Any CPU
		Release|ARM = Release|ARM
		Release|iPhone = Release|iPhone
		Release|iPhoneSimulator = Release|iPhoneSimulator
		Release|x64 = Release|x64
		Release|x86 = Release|x86
	EndGlobalSection
	GlobalSection(ProjectConfigurationPlatforms) = postSolution
		{631A5F46-F158-478F-908D-6ADFA88B02CE}.Debug|Any CPU.ActiveCfg = Debug|Any CPU
		{631A5F46-F158-478F-908D-6ADFA88B02CE}.Debug|Any CPU.Build.0 = Debug|Any CPU
		{631A5F46-F158-478F-908D-6ADFA88B02CE}.Debug|ARM.ActiveCfg = Debug|Any CPU
		{631A5F46-F158-478F-908D-6ADFA88B02CE}.Debug|ARM.Build.0 = Debug|Any CPU
		{631A5F46-F158-478F-908D-6ADFA88B02CE}.Debug|iPhone.ActiveCfg = Debug|Any CPU
		{631A5F46-F158-478F-908D-6ADFA88B02CE}.Debug|iPhone.Build.0 = Debug|Any CPU
		{631A5F46-F158-478F-908D-6ADFA88B02CE}.Debug|iPhoneSimulator.ActiveCfg = Debug|Any CPU
		{631A5F46-F158-478F-908D-6ADFA88B02CE}.Debug|iPhoneSimulator.Build.0 = Debug|Any CPU
		{631A5F46-F158-478F-908D-6ADFA88B02CE}.Debug|x64.ActiveCfg = Debug|Any CPU
		{631A5F46-F158-478F-908D-6ADFA88B02CE}.Debug|x64.Build.0 = Debug|Any CPU
		{631A5F46-F158-478F-908D-6ADFA88B02CE}.Debug|x86.ActiveCfg = Debug|Any CPU
		{631A5F46-F158-478F-908D-6ADFA88B02CE}.Debug|x86.Build.0 = Debug|Any CPU
		{631A5F46-F158-478F-908D-6ADFA88B02CE}.Release|Any CPU.ActiveCfg = Release|Any CPU
		{631A5F46-F158-478F-908D-6ADFA88B02CE}.Release|Any CPU.Build.0 = Release|Any CPU
		{631A5F46-F158-478F-908D-6ADFA88B02CE}.Release|ARM.ActiveCfg = Release|Any CPU
		{631A5F46-F158-478F-908D-6ADFA88B02CE}.Release|ARM.Build.0 = Release|Any CPU
		{631A5F46-F158-478F-908D-6ADFA88B02CE}.Release|iPhone.ActiveCfg = Release|Any CPU
		{631A5F46-F158-478F-908D-6ADFA88B02CE}.Release|iPhone.Build.0 = Release|Any CPU
		{631A5F46-F158-478F-908D-6ADFA88B02CE}.Release|iPhoneSimulator.ActiveCfg = Release|Any CPU
		{631A5F46-F158-478F-908D-6ADFA88B02CE}.Release|iPhoneSimulator.Build.0 = Release|Any CPU
		{631A5F46-F158-478F-908D-6ADFA88B02CE}.Release|x64.ActiveCfg = Release|Any CPU
		{631A5F46-F158-478F-908D-6ADFA88B02CE}.Release|x64.Build.0 = Release|Any CPU
		{631A5F46-F158-478F-908D-6ADFA88B02CE}.Release|x86.ActiveCfg = Release|Any CPU
		{631A5F46-F158-478F-908D-6ADFA88B02CE}.Release|x86.Build.0 = Release|Any CPU
		{A4D48C36-3952-4E50-9011-A26C1D38A568}.Debug|Any CPU.ActiveCfg = Debug|Any CPU
		{A4D48C36-3952-4E50-9011-A26C1D38A568}.Debug|Any CPU.Build.0 = Debug|Any CPU
		{A4D48C36-3952-4E50-9011-A26C1D38A568}.Debug|ARM.ActiveCfg = Debug|Any CPU
		{A4D48C36-3952-4E50-9011-A26C1D38A568}.Debug|ARM.Build.0 = Debug|Any CPU
		{A4D48C36-3952-4E50-9011-A26C1D38A568}.Debug|iPhone.ActiveCfg = Debug|Any CPU
		{A4D48C36-3952-4E50-9011-A26C1D38A568}.Debug|iPhone.Build.0 = Debug|Any CPU
		{A4D48C36-3952-4E50-9011-A26C1D38A568}.Debug|iPhoneSimulator.ActiveCfg = Debug|Any CPU
		{A4D48C36-3952-4E50-9011-A26C1D38A568}.Debug|iPhoneSimulator.Build.0 = Debug|Any CPU
		{A4D48C36-3952-4E50-9011-A26C1D38A568}.Debug|x64.ActiveCfg = Debug|Any CPU
		{A4D48C36-3952-4E50-9011-A26C1D38A568}.Debug|x64.Build.0 = Debug|Any CPU
		{A4D48C36-3952-4E50-9011-A26C1D38A568}.Debug|x86.ActiveCfg = Debug|Any CPU
		{A4D48C36-3952-4E50-9011-A26C1D38A568}.Debug|x86.Build.0 = Debug|Any CPU
		{A4D48C36-3952-4E50-9011-A26C1D38A568}.Release|Any CPU.ActiveCfg = Release|Any CPU
		{A4D48C36-3952-4E50-9011-A26C1D38A568}.Release|Any CPU.Build.0 = Release|Any CPU
		{A4D48C36-3952-4E50-9011-A26C1D38A568}.Release|ARM.ActiveCfg = Release|Any CPU
		{A4D48C36-3952-4E50-9011-A26C1D38A568}.Release|ARM.Build.0 = Release|Any CPU
		{A4D48C36-3952-4E50-9011-A26C1D38A568}.Release|iPhone.ActiveCfg = Release|Any CPU
		{A4D48C36-3952-4E50-9011-A26C1D38A568}.Release|iPhone.Build.0 = Release|Any CPU
		{A4D48C36-3952-4E50-9011-A26C1D38A568}.Release|iPhoneSimulator.ActiveCfg = Release|Any CPU
		{A4D48C36-3952-4E50-9011-A26C1D38A568}.Release|iPhoneSimulator.Build.0 = Release|Any CPU
		{A4D48C36-3952-4E50-9011-A26C1D38A568}.Release|x64.ActiveCfg = Release|Any CPU
		{A4D48C36-3952-4E50-9011-A26C1D38A568}.Release|x64.Build.0 = Release|Any CPU
		{A4D48C36-3952-4E50-9011-A26C1D38A568}.Release|x86.ActiveCfg = Release|Any CPU
		{A4D48C36-3952-4E50-9011-A26C1D38A568}.Release|x86.Build.0 = Release|Any CPU
		{6B247862-B291-4090-AC2C-7F4EBA2AFB03}.Debug|Any CPU.ActiveCfg = Debug|x86
		{6B247862-B291-4090-AC2C-7F4EBA2AFB03}.Debug|ARM.ActiveCfg = Debug|ARM
		{6B247862-B291-4090-AC2C-7F4EBA2AFB03}.Debug|ARM.Build.0 = Debug|ARM
		{6B247862-B291-4090-AC2C-7F4EBA2AFB03}.Debug|ARM.Deploy.0 = Debug|ARM
		{6B247862-B291-4090-AC2C-7F4EBA2AFB03}.Debug|iPhone.ActiveCfg = Debug|x86
		{6B247862-B291-4090-AC2C-7F4EBA2AFB03}.Debug|iPhoneSimulator.ActiveCfg = Debug|x86
		{6B247862-B291-4090-AC2C-7F4EBA2AFB03}.Debug|x64.ActiveCfg = Debug|x64
		{6B247862-B291-4090-AC2C-7F4EBA2AFB03}.Debug|x64.Build.0 = Debug|x64
		{6B247862-B291-4090-AC2C-7F4EBA2AFB03}.Debug|x64.Deploy.0 = Debug|x64
		{6B247862-B291-4090-AC2C-7F4EBA2AFB03}.Debug|x86.ActiveCfg = Debug|x86
		{6B247862-B291-4090-AC2C-7F4EBA2AFB03}.Debug|x86.Build.0 = Debug|x86
		{6B247862-B291-4090-AC2C-7F4EBA2AFB03}.Debug|x86.Deploy.0 = Debug|x86
		{6B247862-B291-4090-AC2C-7F4EBA2AFB03}.Release|Any CPU.ActiveCfg = Release|x86
		{6B247862-B291-4090-AC2C-7F4EBA2AFB03}.Release|ARM.ActiveCfg = Release|ARM
		{6B247862-B291-4090-AC2C-7F4EBA2AFB03}.Release|ARM.Build.0 = Release|ARM
		{6B247862-B291-4090-AC2C-7F4EBA2AFB03}.Release|ARM.Deploy.0 = Release|ARM
		{6B247862-B291-4090-AC2C-7F4EBA2AFB03}.Release|iPhone.ActiveCfg = Release|x86
		{6B247862-B291-4090-AC2C-7F4EBA2AFB03}.Release|iPhoneSimulator.ActiveCfg = Release|x86
		{6B247862-B291-4090-AC2C-7F4EBA2AFB03}.Release|x64.ActiveCfg = Release|x64
		{6B247862-B291-4090-AC2C-7F4EBA2AFB03}.Release|x64.Build.0 = Release|x64
		{6B247862-B291-4090-AC2C-7F4EBA2AFB03}.Release|x64.Deploy.0 = Release|x64
		{6B247862-B291-4090-AC2C-7F4EBA2AFB03}.Release|x86.ActiveCfg = Release|x86
		{6B247862-B291-4090-AC2C-7F4EBA2AFB03}.Release|x86.Build.0 = Release|x86
		{6B247862-B291-4090-AC2C-7F4EBA2AFB03}.Release|x86.Deploy.0 = Release|x86
	EndGlobalSection
	GlobalSection(SolutionProperties) = preSolution
		HideSolutionNode = FALSE
	EndGlobalSection
	GlobalSection(ExtensibilityGlobals) = postSolution
		SolutionGuid = {D0D19A34-069B-48D5-983F-B09C226D5A4F}
	EndGlobalSection
EndGlobal
